
Microsoft Visual Studio Solution File, Format Version 12.00
# Visual Studio 15
VisualStudioVersion = 15.0.26124.0
MinimumVisualStudioVersion = 15.0.26124.0
Project("{2150E333-8FDC-42A3-9474-1A3956D46DE8}") = "src", "src", "{5F2A00C4-4487-4648-A237-4A642486A274}"
EndProject
Project("{FAE04EC0-301F-11D3-BF4B-00C04F79EFBC}") = "openld", "openld\openld.csproj", "{DF359B6D-85D9-4986-88C8-11113FFDB72C}"
EndProject
Project("{2150E333-8FDC-42A3-9474-1A3956D46DE8}") = "tests", "tests", "{381C3DEE-CAA8-40CA-AE51-55DAB503C82A}"
EndProject
Project("{FAE04EC0-301F-11D3-BF4B-00C04F79EFBC}") = "openld.Tests", "openld.Tests\openld.Tests.csproj", "{3B58BA67-04CA-4270-9F02-74A1D8358258}"
EndProject
Global
	GlobalSection(SolutionConfigurationPlatforms) = preSolution
		Debug|Any CPU = Debug|Any CPU
		Debug|x64 = Debug|x64
		Debug|x86 = Debug|x86
		Release|Any CPU = Release|Any CPU
		Release|x64 = Release|x64
		Release|x86 = Release|x86
	EndGlobalSection
	GlobalSection(SolutionProperties) = preSolution
		HideSolutionNode = FALSE
	EndGlobalSection
	GlobalSection(ProjectConfigurationPlatforms) = postSolution
		{DF359B6D-85D9-4986-88C8-11113FFDB72C}.Debug|Any CPU.ActiveCfg = Debug|Any CPU
		{DF359B6D-85D9-4986-88C8-11113FFDB72C}.Debug|Any CPU.Build.0 = Debug|Any CPU
		{DF359B6D-85D9-4986-88C8-11113FFDB72C}.Debug|x64.ActiveCfg = Debug|Any CPU
		{DF359B6D-85D9-4986-88C8-11113FFDB72C}.Debug|x64.Build.0 = Debug|Any CPU
		{DF359B6D-85D9-4986-88C8-11113FFDB72C}.Debug|x86.ActiveCfg = Debug|Any CPU
		{DF359B6D-85D9-4986-88C8-11113FFDB72C}.Debug|x86.Build.0 = Debug|Any CPU
		{DF359B6D-85D9-4986-88C8-11113FFDB72C}.Release|Any CPU.ActiveCfg = Release|Any CPU
		{DF359B6D-85D9-4986-88C8-11113FFDB72C}.Release|Any CPU.Build.0 = Release|Any CPU
		{DF359B6D-85D9-4986-88C8-11113FFDB72C}.Release|x64.ActiveCfg = Release|Any CPU
		{DF359B6D-85D9-4986-88C8-11113FFDB72C}.Release|x64.Build.0 = Release|Any CPU
		{DF359B6D-85D9-4986-88C8-11113FFDB72C}.Release|x86.ActiveCfg = Release|Any CPU
		{DF359B6D-85D9-4986-88C8-11113FFDB72C}.Release|x86.Build.0 = Release|Any CPU
		{3B58BA67-04CA-4270-9F02-74A1D8358258}.Debug|Any CPU.ActiveCfg = Debug|Any CPU
		{3B58BA67-04CA-4270-9F02-74A1D8358258}.Debug|Any CPU.Build.0 = Debug|Any CPU
		{3B58BA67-04CA-4270-9F02-74A1D8358258}.Debug|x64.ActiveCfg = Debug|Any CPU
		{3B58BA67-04CA-4270-9F02-74A1D8358258}.Debug|x64.Build.0 = Debug|Any CPU
		{3B58BA67-04CA-4270-9F02-74A1D8358258}.Debug|x86.ActiveCfg = Debug|Any CPU
		{3B58BA67-04CA-4270-9F02-74A1D8358258}.Debug|x86.Build.0 = Debug|Any CPU
		{3B58BA67-04CA-4270-9F02-74A1D8358258}.Release|Any CPU.ActiveCfg = Release|Any CPU
		{3B58BA67-04CA-4270-9F02-74A1D8358258}.Release|Any CPU.Build.0 = Release|Any CPU
		{3B58BA67-04CA-4270-9F02-74A1D8358258}.Release|x64.ActiveCfg = Release|Any CPU
		{3B58BA67-04CA-4270-9F02-74A1D8358258}.Release|x64.Build.0 = Release|Any CPU
		{3B58BA67-04CA-4270-9F02-74A1D8358258}.Release|x86.ActiveCfg = Release|Any CPU
		{3B58BA67-04CA-4270-9F02-74A1D8358258}.Release|x86.Build.0 = Release|Any CPU
	EndGlobalSection
	GlobalSection(NestedProjects) = preSolution
		{DF359B6D-85D9-4986-88C8-11113FFDB72C} = {5F2A00C4-4487-4648-A237-4A642486A274}
		{3B58BA67-04CA-4270-9F02-74A1D8358258} = {381C3DEE-CAA8-40CA-AE51-55DAB503C82A}
	EndGlobalSection
EndGlobal
